
Microsoft Visual Studio Solution File, Format Version 10.00
# Visual C# Express 2008
Project("{FAE04EC0-301F-11D3-BF4B-00C04F79EFBC}") = "Physics", "Physics\Physics.csproj", "{5053E24A-54EE-413B-8752-C13572E8F02C}"
EndProject
Global
	GlobalSection(SolutionConfigurationPlatforms) = preSolution
		Debug|Any CPU = Debug|Any CPU
		Release|Any CPU = Release|Any CPU
	EndGlobalSection
	GlobalSection(ProjectConfigurationPlatforms) = postSolution
		{5053E24A-54EE-413B-8752-C13572E8F02C}.Debug|Any CPU.ActiveCfg = Debug|Any CPU
		{5053E24A-54EE-413B-8752-C13572E8F02C}.Debug|Any CPU.Build.0 = Debug|Any CPU
		{5053E24A-54EE-413B-8752-C13572E8F02C}.Release|Any CPU.ActiveCfg = Release|Any CPU
		{5053E24A-54EE-413B-8752-C13572E8F02C}.Release|Any CPU.Build.0 = Release|Any CPU
	EndGlobalSection
	GlobalSection(SolutionProperties) = preSolution
		HideSolutionNode = FALSE
	EndGlobalSection
EndGlobal
